# THIS IS AN AUTOGENERATED FILE. DO NOT EDIT THIS FILE DIRECTLY.
# yarn lockfile v1


antlr4ts-cli@^0.5.0-alpha.1:
  version "0.5.0-alpha.1"
  resolved "https://registry.yarnpkg.com/antlr4ts-cli/-/antlr4ts-cli-0.5.0-alpha.1.tgz#f56738fa7974aa974507fe2938b0e183f2239648"

antlr4ts@^0.5.0-alpha.1:
  version "0.5.0-alpha.1"
  resolved "https://registry.yarnpkg.com/antlr4ts/-/antlr4ts-0.5.0-alpha.1.tgz#c421d8269523356c42c5533603aec0410b423806"
